
Microsoft Visual Studio Solution File, Format Version 12.00
# Visual Studio Version 17
VisualStudioVersion = 17.8.34408.163
MinimumVisualStudioVersion = 10.0.40219.1
Project("{9A19103F-16F7-4668-BE54-9A1E7A4F7556}") = "BlazorWebApp", "BlazorWebApp\BlazorWebApp\BlazorWebApp.csproj", "{3F8259A2-A4E8-496C-A1C9-FFF2F2005DF5}"
EndProject
Project("{9A19103F-16F7-4668-BE54-9A1E7A4F7556}") = "BlazorWebApp.Client", "BlazorWebApp\BlazorWebApp.Client\BlazorWebApp.Client.csproj", "{98D7F895-D1C6-4947-8A72-10BDEB0164F7}"
EndProject
Global
	GlobalSection(SolutionConfigurationPlatforms) = preSolution
		Debug|Any CPU = Debug|Any CPU
		Release|Any CPU = Release|Any CPU
	EndGlobalSection
	GlobalSection(ProjectConfigurationPlatforms) = postSolution
		{3F8259A2-A4E8-496C-A1C9-FFF2F2005DF5}.Debug|Any CPU.ActiveCfg = Debug|Any CPU
		{3F8259A2-A4E8-496C-A1C9-FFF2F2005DF5}.Debug|Any CPU.Build.0 = Debug|Any CPU
		{3F8259A2-A4E8-496C-A1C9-FFF2F2005DF5}.Release|Any CPU.ActiveCfg = Release|Any CPU
		{3F8259A2-A4E8-496C-A1C9-FFF2F2005DF5}.Release|Any CPU.Build.0 = Release|Any CPU
		{98D7F895-D1C6-4947-8A72-10BDEB0164F7}.Debug|Any CPU.ActiveCfg = Debug|Any CPU
		{98D7F895-D1C6-4947-8A72-10BDEB0164F7}.Debug|Any CPU.Build.0 = Debug|Any CPU
		{98D7F895-D1C6-4947-8A72-10BDEB0164F7}.Release|Any CPU.ActiveCfg = Release|Any CPU
		{98D7F895-D1C6-4947-8A72-10BDEB0164F7}.Release|Any CPU.Build.0 = Release|Any CPU
	EndGlobalSection
	GlobalSection(SolutionProperties) = preSolution
		HideSolutionNode = FALSE
	EndGlobalSection
	GlobalSection(ExtensibilityGlobals) = postSolution
		SolutionGuid = {56391024-B6C3-49F6-8FD3-A9767B00AABA}
	EndGlobalSection
EndGlobal
